
Microsoft Visual Studio Solution File, Format Version 12.00
# Visual Studio Version 17
VisualStudioVersion = 17.5.002.0
MinimumVisualStudioVersion = 10.0.40219.1
Project("{9A19103F-16F7-4668-BE54-9A1E7A4F7556}") = "MerchStore.Api", "MerchStore.Api\MerchStore.Api.csproj", "{D221EAB9-A8AE-4F0B-B2A2-624EA0334003}"
EndProject
Global
	GlobalSection(SolutionConfigurationPlatforms) = preSolution
		Debug|Any CPU = Debug|Any CPU
		Release|Any CPU = Release|Any CPU
	EndGlobalSection
	GlobalSection(ProjectConfigurationPlatforms) = postSolution
		{D221EAB9-A8AE-4F0B-B2A2-624EA0334003}.Debug|Any CPU.ActiveCfg = Debug|Any CPU
		{D221EAB9-A8AE-4F0B-B2A2-624EA0334003}.Debug|Any CPU.Build.0 = Debug|Any CPU
		{D221EAB9-A8AE-4F0B-B2A2-624EA0334003}.Release|Any CPU.ActiveCfg = Release|Any CPU
		{D221EAB9-A8AE-4F0B-B2A2-624EA0334003}.Release|Any CPU.Build.0 = Release|Any CPU
	EndGlobalSection
	GlobalSection(SolutionProperties) = preSolution
		HideSolutionNode = FALSE
	EndGlobalSection
	GlobalSection(ExtensibilityGlobals) = postSolution
		SolutionGuid = {90938B35-C16E-42D9-B9FA-3638DE082A8F}
	EndGlobalSection
EndGlobal
